
Microsoft Visual Studio Solution File, Format Version 12.00
# Visual Studio Version 17
VisualStudioVersion = 17.11.35222.181
MinimumVisualStudioVersion = 10.0.40219.1
Project("{FAE04EC0-301F-11D3-BF4B-00C04F79EFBC}") = "ToDoListApp", "ToDoListApp.csproj", "{923D50AA-9CD1-472A-BA66-50F7A239598C}"
EndProject
Global
	GlobalSection(SolutionConfigurationPlatforms) = preSolution
		Debug|Any CPU = Debug|Any CPU
		Release|Any CPU = Release|Any CPU
	EndGlobalSection
	GlobalSection(ProjectConfigurationPlatforms) = postSolution
		{923D50AA-9CD1-472A-BA66-50F7A239598C}.Debug|Any CPU.ActiveCfg = Debug|Any CPU
		{923D50AA-9CD1-472A-BA66-50F7A239598C}.Debug|Any CPU.Build.0 = Debug|Any CPU
		{923D50AA-9CD1-472A-BA66-50F7A239598C}.Release|Any CPU.ActiveCfg = Release|Any CPU
		{923D50AA-9CD1-472A-BA66-50F7A239598C}.Release|Any CPU.Build.0 = Release|Any CPU
	EndGlobalSection
	GlobalSection(SolutionProperties) = preSolution
		HideSolutionNode = FALSE
	EndGlobalSection
	GlobalSection(ExtensibilityGlobals) = postSolution
		SolutionGuid = {9A48E510-06D4-4BC1-981B-103407F3DE30}
	EndGlobalSection
EndGlobal
